
Microsoft Visual Studio Solution File, Format Version 12.00
# Visual Studio Version 16
VisualStudioVersion = 16.0.30114.105
MinimumVisualStudioVersion = 10.0.40219.1
Project("{F2A71F9B-5D33-465A-A702-920D77279786}") = "KkShinkai.FSharp.Base", "src\KkShinkai.FSharp.Base.fsproj", "{97DE941F-B2B6-40D1-B879-B1A5515D47D2}"
EndProject
Project("{F2A71F9B-5D33-465A-A702-920D77279786}") = "KkShinkai.FSharp.Base.Tests", "test\KkShinkai.FSharp.Base.Tests.fsproj", "{7AFB728D-2227-4395-B288-B4ED27CB1AC4}"
EndProject
Global
	GlobalSection(SolutionConfigurationPlatforms) = preSolution
		Debug|Any CPU = Debug|Any CPU
		Release|Any CPU = Release|Any CPU
	EndGlobalSection
	GlobalSection(SolutionProperties) = preSolution
		HideSolutionNode = FALSE
	EndGlobalSection
	GlobalSection(ProjectConfigurationPlatforms) = postSolution
		{97DE941F-B2B6-40D1-B879-B1A5515D47D2}.Debug|Any CPU.ActiveCfg = Debug|Any CPU
		{97DE941F-B2B6-40D1-B879-B1A5515D47D2}.Debug|Any CPU.Build.0 = Debug|Any CPU
		{97DE941F-B2B6-40D1-B879-B1A5515D47D2}.Release|Any CPU.ActiveCfg = Release|Any CPU
		{97DE941F-B2B6-40D1-B879-B1A5515D47D2}.Release|Any CPU.Build.0 = Release|Any CPU
		{7AFB728D-2227-4395-B288-B4ED27CB1AC4}.Debug|Any CPU.ActiveCfg = Debug|Any CPU
		{7AFB728D-2227-4395-B288-B4ED27CB1AC4}.Debug|Any CPU.Build.0 = Debug|Any CPU
		{7AFB728D-2227-4395-B288-B4ED27CB1AC4}.Release|Any CPU.ActiveCfg = Release|Any CPU
		{7AFB728D-2227-4395-B288-B4ED27CB1AC4}.Release|Any CPU.Build.0 = Release|Any CPU
	EndGlobalSection
EndGlobal
